Microsoft Visual Studio Solution File, Format Version 12.00
# Visual Studio Version 17
VisualStudioVersion = 17.5.2.0
MinimumVisualStudioVersion = 10.0.40219.1
Project("{FAE04EC0-301F-11D3-BF4B-00C04F79EFBC}") = "rust.template", "rust.template.csproj", "{C9AF38B8-D1CB-8F55-3F5F-4F508DF048BE}"
EndProject
Global
	GlobalSection(SolutionConfigurationPlatforms) = preSolution
		Debug|Any CPU = Debug|Any CPU
		Release|Any CPU = Release|Any CPU
	EndGlobalSection
	GlobalSection(ProjectConfigurationPlatforms) = postSolution
		{C9AF38B8-D1CB-8F55-3F5F-4F508DF048BE}.Debug|Any CPU.ActiveCfg = Debug|Any CPU
		{C9AF38B8-D1CB-8F55-3F5F-4F508DF048BE}.Debug|Any CPU.Build.0 = Debug|Any CPU
		{C9AF38B8-D1CB-8F55-3F5F-4F508DF048BE}.Release|Any CPU.ActiveCfg = Release|Any CPU
		{C9AF38B8-D1CB-8F55-3F5F-4F508DF048BE}.Release|Any CPU.Build.0 = Release|Any CPU
	EndGlobalSection
	GlobalSection(SolutionProperties) = preSolution
		HideSolutionNode = FALSE
	EndGlobalSection
	GlobalSection(ExtensibilityGlobals) = postSolution
		SolutionGuid = {666A9DAC-561F-42BF-8899-6E31EA0C3D95}
	EndGlobalSection
EndGlobal
