
Microsoft Visual Studio Solution File, Format Version 12.00
# Visual Studio Version 17
VisualStudioVersion = 17.5.002.0
MinimumVisualStudioVersion = 10.0.40219.1
Project("{9A19103F-16F7-4668-BE54-9A1E7A4F7556}") = "rust.template", "rust-template\rust.template.csproj", "{8FC59C2D-4794-4B35-8CD0-2B1EAC29319B}"
EndProject
Project("{9A19103F-16F7-4668-BE54-9A1E7A4F7556}") = "rust.test", "rust.test\rust.test.csproj", "{AE32CDA5-6FC8-4B24-8BC8-20E6598BA8C8}"
EndProject
Project("{FAE04EC0-301F-11D3-BF4B-00C04F79EFBC}") = "rust.dedicated", "rust.dedicated\rust.dedicated.csproj", "{7B294864-8917-4401-AEA3-AED1C7F2E763}"
EndProject
Global
	GlobalSection(SolutionConfigurationPlatforms) = preSolution
		Debug|Any CPU = Debug|Any CPU
		Release|Any CPU = Release|Any CPU
	EndGlobalSection
	GlobalSection(ProjectConfigurationPlatforms) = postSolution
		{8FC59C2D-4794-4B35-8CD0-2B1EAC29319B}.Debug|Any CPU.ActiveCfg = Debug|Any CPU
		{8FC59C2D-4794-4B35-8CD0-2B1EAC29319B}.Debug|Any CPU.Build.0 = Debug|Any CPU
		{8FC59C2D-4794-4B35-8CD0-2B1EAC29319B}.Release|Any CPU.ActiveCfg = Release|Any CPU
		{8FC59C2D-4794-4B35-8CD0-2B1EAC29319B}.Release|Any CPU.Build.0 = Release|Any CPU
		{AE32CDA5-6FC8-4B24-8BC8-20E6598BA8C8}.Debug|Any CPU.ActiveCfg = Debug|Any CPU
		{AE32CDA5-6FC8-4B24-8BC8-20E6598BA8C8}.Debug|Any CPU.Build.0 = Debug|Any CPU
		{AE32CDA5-6FC8-4B24-8BC8-20E6598BA8C8}.Release|Any CPU.ActiveCfg = Release|Any CPU
		{AE32CDA5-6FC8-4B24-8BC8-20E6598BA8C8}.Release|Any CPU.Build.0 = Release|Any CPU
		{7B294864-8917-4401-AEA3-AED1C7F2E763}.Debug|Any CPU.ActiveCfg = Debug|Any CPU
		{7B294864-8917-4401-AEA3-AED1C7F2E763}.Debug|Any CPU.Build.0 = Debug|Any CPU
		{7B294864-8917-4401-AEA3-AED1C7F2E763}.Release|Any CPU.ActiveCfg = Release|Any CPU
		{7B294864-8917-4401-AEA3-AED1C7F2E763}.Release|Any CPU.Build.0 = Release|Any CPU
	EndGlobalSection
	GlobalSection(SolutionProperties) = preSolution
		HideSolutionNode = FALSE
	EndGlobalSection
	GlobalSection(ExtensibilityGlobals) = postSolution
		SolutionGuid = {86F17B99-BFE2-4934-A4EF-87BF53E91887}
	EndGlobalSection
EndGlobal
